// !$*UTF8*$!
{
	archiveVersion = 1;
	classes = {
	};
	objectVersion = 51;
	objects = {

/* Begin PBXBuildFile section */
		101C819F2E82DAA001DD1661 /* Pods_XPCService.framework in Frameworks */ = {isa = PBXBuildFile; fileRef = 6957ADAEB6C39322C2E01857 /* Pods_XPCService.framework */; };
		6C3DC0783841E2197ECE9827 /* Pods_TaskManager.framework in Frameworks */ = {isa = PBXBuildFile; fileRef = CF42186837E87D3F13902849 /* Pods_TaskManager.framework */; };
		CE207C8E239BFEAA003E4C04 /* Service.swift in Sources */ = {isa = PBXBuildFile; fileRef = CE207C8D239BFEAA003E4C04 /* Service.swift */; };
		CE7B4C01239AEA3700E336FE /* AppDelegate.swift in Sources */ = {isa = PBXBuildFile; fileRef = CE7B4C00239AEA3700E336FE /* AppDelegate.swift */; };
		CE7B4C03239AEA3700E336FE /* ContentView.swift in Sources */ = {isa = PBXBuildFile; fileRef = CE7B4C02239AEA3700E336FE /* ContentView.swift */; };
		CE7B4C05239AEA3F00E336FE /* Assets.xcassets in Resources */ = {isa = PBXBuildFile; fileRef = CE7B4C04239AEA3F00E336FE /* Assets.xcassets */; };
		CE7B4C08239AEA3F00E336FE /* Preview Assets.xcassets in Resources */ = {isa = PBXBuildFile; fileRef = CE7B4C07239AEA3F00E336FE /* Preview Assets.xcassets */; };
		CE7B4C0B239AEA3F00E336FE /* Main.storyboard in Resources */ = {isa = PBXBuildFile; fileRef = CE7B4C09239AEA3F00E336FE /* Main.storyboard */; };
		CE958887239ED9A0009E15B5 /* LineChartViewControllerWrapper.swift in Sources */ = {isa = PBXBuildFile; fileRef = CE958886239ED9A0009E15B5 /* LineChartViewControllerWrapper.swift */; };
		CE95888A239EE2E8009E15B5 /* ProcessesViewController.swift in Sources */ = {isa = PBXBuildFile; fileRef = CE958888239EE2E8009E15B5 /* ProcessesViewController.swift */; };
		CE95888B239EE2E8009E15B5 /* ProcessesViewController.xib in Resources */ = {isa = PBXBuildFile; fileRef = CE958889239EE2E8009E15B5 /* ProcessesViewController.xib */; };
		CE95888D239EE38E009E15B5 /* ProcessesViewControllerWrapper.swift in Sources */ = {isa = PBXBuildFile; fileRef = CE95888C239EE38E009E15B5 /* ProcessesViewControllerWrapper.swift */; };
		CEA9CDC7239D633C00622687 /* XPCServiceDelegate.swift in Sources */ = {isa = PBXBuildFile; fileRef = CEA9CDC6239D633C00622687 /* XPCServiceDelegate.swift */; };
		CEA9CDC9239D633C00622687 /* main.swift in Sources */ = {isa = PBXBuildFile; fileRef = CEA9CDC8239D633C00622687 /* main.swift */; };
		CEA9CDCD239D633C00622687 /* XPCService.xpc in Embed XPC Services */ = {isa = PBXBuildFile; fileRef = CEA9CDC2239D633C00622687 /* XPCService.xpc */; settings = {ATTRIBUTES = (RemoveHeadersOnCopy, ); }; };
		CEA9CDD1239D669100622687 /* XPCService.swift in Sources */ = {isa = PBXBuildFile; fileRef = CEA9CDC5239D633C00622687 /* XPCService.swift */; };
		CEA9CDD2239D669500622687 /* XPCServiceProtocol.swift in Sources */ = {isa = PBXBuildFile; fileRef = CEA9CDC4239D633C00622687 /* XPCServiceProtocol.swift */; };
		CEA9CDD4239D767200622687 /* SystemInfo.swift in Sources */ = {isa = PBXBuildFile; fileRef = CEA9CDD3239D767200622687 /* SystemInfo.swift */; };
		CEA9CDD6239D769900622687 /* Process.swift in Sources */ = {isa = PBXBuildFile; fileRef = CEA9CDD5239D769900622687 /* Process.swift */; };
		CEA9CDD9239E739500622687 /* StringExtension.swift in Sources */ = {isa = PBXBuildFile; fileRef = CEA9CDD8239E739500622687 /* StringExtension.swift */; };
		CEA9CDDB239E73B700622687 /* NSRegualarExpressionExtension.swift in Sources */ = {isa = PBXBuildFile; fileRef = CEA9CDDA239E73B700622687 /* NSRegualarExpressionExtension.swift */; };
		CEA9CDE2239ED48600622687 /* LineChartViewController.swift in Sources */ = {isa = PBXBuildFile; fileRef = CEA9CDE0239ED48600622687 /* LineChartViewController.swift */; };
		CEA9CDE3239ED48600622687 /* LineChartViewController.xib in Resources */ = {isa = PBXBuildFile; fileRef = CEA9CDE1239ED48600622687 /* LineChartViewController.xib */; };
/* End PBXBuildFile section */

/* Begin PBXContainerItemProxy section */
		CEA9CDCB239D633C00622687 /* PBXContainerItemProxy */ = {
			isa = PBXContainerItemProxy;
			containerPortal = CE7B4BF5239AEA3600E336FE /* Project object */;
			proxyType = 1;
			remoteGlobalIDString = CEA9CDC1239D633C00622687;
			remoteInfo = XPCService;
		};
/* End PBXContainerItemProxy section */

/* Begin PBXCopyFilesBuildPhase section */
		CE883C01239D44890086912B /* Embed XPC Services */ = {
			isa = PBXCopyFilesBuildPhase;
			buildActionMask = 2147483647;
			dstPath = "$(CONTENTS_FOLDER_PATH)/XPCServices";
			dstSubfolderSpec = 16;
			files = (
				CEA9CDCD239D633C00622687 /* XPCService.xpc in Embed XPC Services */,
			);
			name = "Embed XPC Services";
			runOnlyForDeploymentPostprocessing = 0;
		};
/* End PBXCopyFilesBuildPhase section */

/* Begin PBXFileReference section */
		258F76DD8F6FC53AFC4C6BFF /* Pods-XPCService.debug.xcconfig */ = {isa = PBXFileReference; includeInIndex = 1; lastKnownFileType = text.xcconfig; name = "Pods-XPCService.debug.xcconfig"; path = "Target Support Files/Pods-XPCService/Pods-XPCService.debug.xcconfig"; sourceTree = "<group>"; };
		282C7955691D2EA689869175 /* Pods-TaskManager.release.xcconfig */ = {isa = PBXFileReference; includeInIndex = 1; lastKnownFileType = text.xcconfig; name = "Pods-TaskManager.release.xcconfig"; path = "Target Support Files/Pods-TaskManager/Pods-TaskManager.release.xcconfig"; sourceTree = "<group>"; };
		6957ADAEB6C39322C2E01857 /* Pods_XPCService.framework */ = {isa = PBXFileReference; explicitFileType = wrapper.framework; includeInIndex = 0; path = Pods_XPCService.framework; sourceTree = BUILT_PRODUCTS_DIR; };
		CE207C8D239BFEAA003E4C04 /* Service.swift */ = {isa = PBXFileReference; lastKnownFileType = sourcecode.swift; path = Service.swift; sourceTree = "<group>"; };
		CE7B4BFD239AEA3600E336FE /* TaskManager.app */ = {isa = PBXFileReference; explicitFileType = wrapper.application; includeInIndex = 0; path = TaskManager.app; sourceTree = BUILT_PRODUCTS_DIR; };
		CE7B4C00239AEA3700E336FE /* AppDelegate.swift */ = {isa = PBXFileReference; lastKnownFileType = sourcecode.swift; path = AppDelegate.swift; sourceTree = "<group>"; };
		CE7B4C02239AEA3700E336FE /* ContentView.swift */ = {isa = PBXFileReference; lastKnownFileType = sourcecode.swift; path = ContentView.swift; sourceTree = "<group>"; };
		CE7B4C04239AEA3F00E336FE /* Assets.xcassets */ = {isa = PBXFileReference; lastKnownFileType = folder.assetcatalog; path = Assets.xcassets; sourceTree = "<group>"; };
		CE7B4C07239AEA3F00E336FE /* Preview Assets.xcassets */ = {isa = PBXFileReference; lastKnownFileType = folder.assetcatalog; path = "Preview Assets.xcassets"; sourceTree = "<group>"; };
		CE7B4C0A239AEA3F00E336FE /* Base */ = {isa = PBXFileReference; lastKnownFileType = file.storyboard; name = Base; path = Base.lproj/Main.storyboard; sourceTree = "<group>"; };
		CE7B4C0C239AEA3F00E336FE /* Info.plist */ = {isa = PBXFileReference; lastKnownFileType = text.plist.xml; path = Info.plist; sourceTree = "<group>"; };
		CE7B4C0D239AEA3F00E336FE /* TaskManager.entitlements */ = {isa = PBXFileReference; lastKnownFileType = text.plist.entitlements; path = TaskManager.entitlements; sourceTree = "<group>"; };
		CE958886239ED9A0009E15B5 /* LineChartViewControllerWrapper.swift */ = {isa = PBXFileReference; lastKnownFileType = sourcecode.swift; path = LineChartViewControllerWrapper.swift; sourceTree = "<group>"; };
		CE958888239EE2E8009E15B5 /* ProcessesViewController.swift */ = {isa = PBXFileReference; lastKnownFileType = sourcecode.swift; path = ProcessesViewController.swift; sourceTree = "<group>"; };
		CE958889239EE2E8009E15B5 /* ProcessesViewController.xib */ = {isa = PBXFileReference; lastKnownFileType = file.xib; path = ProcessesViewController.xib; sourceTree = "<group>"; };
		CE95888C239EE38E009E15B5 /* ProcessesViewControllerWrapper.swift */ = {isa = PBXFileReference; lastKnownFileType = sourcecode.swift; path = ProcessesViewControllerWrapper.swift; sourceTree = "<group>"; };
		CEA9CDC2239D633C00622687 /* XPCService.xpc */ = {isa = PBXFileReference; explicitFileType = "wrapper.xpc-service"; includeInIndex = 0; path = XPCService.xpc; sourceTree = BUILT_PRODUCTS_DIR; };
		CEA9CDC4239D633C00622687 /* XPCServiceProtocol.swift */ = {isa = PBXFileReference; lastKnownFileType = sourcecode.swift; path = XPCServiceProtocol.swift; sourceTree = "<group>"; };
		CEA9CDC5239D633C00622687 /* XPCService.swift */ = {isa = PBXFileReference; lastKnownFileType = sourcecode.swift; path = XPCService.swift; sourceTree = "<group>"; };
		CEA9CDC6239D633C00622687 /* XPCServiceDelegate.swift */ = {isa = PBXFileReference; lastKnownFileType = sourcecode.swift; path = XPCServiceDelegate.swift; sourceTree = "<group>"; };
		CEA9CDC8239D633C00622687 /* main.swift */ = {isa = PBXFileReference; lastKnownFileType = sourcecode.swift; path = main.swift; sourceTree = "<group>"; };
		CEA9CDCA239D633C00622687 /* Info.plist */ = {isa = PBXFileReference; lastKnownFileType = text.plist.xml; path = Info.plist; sourceTree = "<group>"; };
		CEA9CDD3239D767200622687 /* SystemInfo.swift */ = {isa = PBXFileReference; lastKnownFileType = sourcecode.swift; path = SystemInfo.swift; sourceTree = "<group>"; };
		CEA9CDD5239D769900622687 /* Process.swift */ = {isa = PBXFileReference; lastKnownFileType = sourcecode.swift; path = Process.swift; sourceTree = "<group>"; };
		CEA9CDD8239E739500622687 /* StringExtension.swift */ = {isa = PBXFileReference; lastKnownFileType = sourcecode.swift; path = StringExtension.swift; sourceTree = "<group>"; };
		CEA9CDDA239E73B700622687 /* NSRegualarExpressionExtension.swift */ = {isa = PBXFileReference; lastKnownFileType = sourcecode.swift; path = NSRegualarExpressionExtension.swift; sourceTree = "<group>"; };
		CEA9CDE0239ED48600622687 /* LineChartViewController.swift */ = {isa = PBXFileReference; lastKnownFileType = sourcecode.swift; path = LineChartViewController.swift; sourceTree = "<group>"; };
		CEA9CDE1239ED48600622687 /* LineChartViewController.xib */ = {isa = PBXFileReference; lastKnownFileType = file.xib; path = LineChartViewController.xib; sourceTree = "<group>"; };
		CF42186837E87D3F13902849 /* Pods_TaskManager.framework */ = {isa = PBXFileReference; explicitFileType = wrapper.framework; includeInIndex = 0; path = Pods_TaskManager.framework; sourceTree = BUILT_PRODUCTS_DIR; };
		D9E455EBFE6A4ED1CF645451 /* Pods-TaskManager.debug.xcconfig */ = {isa = PBXFileReference; includeInIndex = 1; lastKnownFileType = text.xcconfig; name = "Pods-TaskManager.debug.xcconfig"; path = "Target Support Files/Pods-TaskManager/Pods-TaskManager.debug.xcconfig"; sourceTree = "<group>"; };
		FE7B84C9C6AD6436EE5CF0D2 /* Pods-XPCService.release.xcconfig */ = {isa = PBXFileReference; includeInIndex = 1; lastKnownFileType = text.xcconfig; name = "Pods-XPCService.release.xcconfig"; path = "Target Support Files/Pods-XPCService/Pods-XPCService.release.xcconfig"; sourceTree = "<group>"; };
/* End PBXFileReference section */

/* Begin PBXFrameworksBuildPhase section */
		CE7B4BFA239AEA3600E336FE /* Frameworks */ = {
			isa = PBXFrameworksBuildPhase;
			buildActionMask = 2147483647;
			files = (
				6C3DC0783841E2197ECE9827 /* Pods_TaskManager.framework in Frameworks */,
			);
			runOnlyForDeploymentPostprocessing = 0;
		};
		CEA9CDBF239D633C00622687 /* Frameworks */ = {
			isa = PBXFrameworksBuildPhase;
			buildActionMask = 2147483647;
			files = (
				101C819F2E82DAA001DD1661 /* Pods_XPCService.framework in Frameworks */,
			);
			runOnlyForDeploymentPostprocessing = 0;
		};
/* End PBXFrameworksBuildPhase section */

/* Begin PBXGroup section */
		3C2B09A994EFB2A7C3D96123 /* Frameworks */ = {
			isa = PBXGroup;
			children = (
				CF42186837E87D3F13902849 /* Pods_TaskManager.framework */,
				6957ADAEB6C39322C2E01857 /* Pods_XPCService.framework */,
			);
			name = Frameworks;
			sourceTree = "<group>";
		};
		770BC33BEACB17FFF03A3551 /* Pods */ = {
			isa = PBXGroup;
			children = (
				D9E455EBFE6A4ED1CF645451 /* Pods-TaskManager.debug.xcconfig */,
				282C7955691D2EA689869175 /* Pods-TaskManager.release.xcconfig */,
				258F76DD8F6FC53AFC4C6BFF /* Pods-XPCService.debug.xcconfig */,
				FE7B84C9C6AD6436EE5CF0D2 /* Pods-XPCService.release.xcconfig */,
			);
			path = Pods;
			sourceTree = "<group>";
		};
		CE207C8F239CFC9D003E4C04 /* Models */ = {
			isa = PBXGroup;
			children = (
				CEA9CDD3239D767200622687 /* SystemInfo.swift */,
				CEA9CDD5239D769900622687 /* Process.swift */,
			);
			path = Models;
			sourceTree = "<group>";
		};
		CE207C90239CFCB6003E4C04 /* Views */ = {
			isa = PBXGroup;
			children = (
				CE7B4C02239AEA3700E336FE /* ContentView.swift */,
				CE958886239ED9A0009E15B5 /* LineChartViewControllerWrapper.swift */,
				CEA9CDE1239ED48600622687 /* LineChartViewController.xib */,
				CE95888C239EE38E009E15B5 /* ProcessesViewControllerWrapper.swift */,
				CE958889239EE2E8009E15B5 /* ProcessesViewController.xib */,
			);
			path = Views;
			sourceTree = "<group>";
		};
		CE207C91239D14E5003E4C04 /* Services */ = {
			isa = PBXGroup;
			children = (
				CE207C8D239BFEAA003E4C04 /* Service.swift */,
			);
			path = Services;
			sourceTree = "<group>";
		};
		CE7B4BF4239AEA3600E336FE = {
			isa = PBXGroup;
			children = (
				CE7B4BFF239AEA3600E336FE /* TaskManager */,
				CEA9CDC3239D633C00622687 /* XPCService */,
				CE7B4BFE239AEA3600E336FE /* Products */,
				770BC33BEACB17FFF03A3551 /* Pods */,
				3C2B09A994EFB2A7C3D96123 /* Frameworks */,
			);
			sourceTree = "<group>";
		};
		CE7B4BFE239AEA3600E336FE /* Products */ = {
			isa = PBXGroup;
			children = (
				CE7B4BFD239AEA3600E336FE /* TaskManager.app */,
				CEA9CDC2239D633C00622687 /* XPCService.xpc */,
			);
			name = Products;
			sourceTree = "<group>";
		};
		CE7B4BFF239AEA3600E336FE /* TaskManager */ = {
			isa = PBXGroup;
			children = (
				CEA9CDDD239ECDAA00622687 /* Controllers */,
				CEA9CDD7239E737000622687 /* Extensions */,
				CE207C91239D14E5003E4C04 /* Services */,
				CE207C8F239CFC9D003E4C04 /* Models */,
				CE207C90239CFCB6003E4C04 /* Views */,
				CE7B4C00239AEA3700E336FE /* AppDelegate.swift */,
				CE7B4C04239AEA3F00E336FE /* Assets.xcassets */,
				CE7B4C09239AEA3F00E336FE /* Main.storyboard */,
				CE7B4C0C239AEA3F00E336FE /* Info.plist */,
				CE7B4C0D239AEA3F00E336FE /* TaskManager.entitlements */,
				CE7B4C06239AEA3F00E336FE /* Preview Content */,
			);
			path = TaskManager;
			sourceTree = "<group>";
		};
		CE7B4C06239AEA3F00E336FE /* Preview Content */ = {
			isa = PBXGroup;
			children = (
				CE7B4C07239AEA3F00E336FE /* Preview Assets.xcassets */,
			);
			path = "Preview Content";
			sourceTree = "<group>";
		};
		CEA9CDC3239D633C00622687 /* XPCService */ = {
			isa = PBXGroup;
			children = (
				CEA9CDC4239D633C00622687 /* XPCServiceProtocol.swift */,
				CEA9CDC5239D633C00622687 /* XPCService.swift */,
				CEA9CDC6239D633C00622687 /* XPCServiceDelegate.swift */,
				CEA9CDC8239D633C00622687 /* main.swift */,
				CEA9CDCA239D633C00622687 /* Info.plist */,
			);
			path = XPCService;
			sourceTree = "<group>";
		};
		CEA9CDD7239E737000622687 /* Extensions */ = {
			isa = PBXGroup;
			children = (
				CEA9CDD8239E739500622687 /* StringExtension.swift */,
				CEA9CDDA239E73B700622687 /* NSRegualarExpressionExtension.swift */,
			);
			path = Extensions;
			sourceTree = "<group>";
		};
		CEA9CDDD239ECDAA00622687 /* Controllers */ = {
			isa = PBXGroup;
			children = (
				CEA9CDE0239ED48600622687 /* LineChartViewController.swift */,
				CE958888239EE2E8009E15B5 /* ProcessesViewController.swift */,
			);
			path = Controllers;
			sourceTree = "<group>";
		};
/* End PBXGroup section */

/* Begin PBXNativeTarget section */
		CE7B4BFC239AEA3600E336FE /* TaskManager */ = {
			isa = PBXNativeTarget;
			buildConfigurationList = CE7B4C10239AEA3F00E336FE /* Build configuration list for PBXNativeTarget "TaskManager" */;
			buildPhases = (
				60BEB344D21DFBE4854A510C /* [CP] Check Pods Manifest.lock */,
				CE7B4BF9239AEA3600E336FE /* Sources */,
				CE7B4BFA239AEA3600E336FE /* Frameworks */,
				CE7B4BFB239AEA3600E336FE /* Resources */,
				CE883C01239D44890086912B /* Embed XPC Services */,
				70356D8483B8D9925C56B919 /* [CP] Embed Pods Frameworks */,
			);
			buildRules = (
			);
			dependencies = (
				CEA9CDCC239D633C00622687 /* PBXTargetDependency */,
			);
			name = TaskManager;
			productName = TaskManager;
			productReference = CE7B4BFD239AEA3600E336FE /* TaskManager.app */;
			productType = "com.apple.product-type.application";
		};
		CEA9CDC1239D633C00622687 /* XPCService */ = {
			isa = PBXNativeTarget;
			buildConfigurationList = CEA9CDCE239D633C00622687 /* Build configuration list for PBXNativeTarget "XPCService" */;
			buildPhases = (
				5235B679EE6D65C2D5A13579 /* [CP] Check Pods Manifest.lock */,
				CEA9CDBE239D633C00622687 /* Sources */,
				CEA9CDBF239D633C00622687 /* Frameworks */,
				CEA9CDC0239D633C00622687 /* Resources */,
			);
			buildRules = (
			);
			dependencies = (
			);
			name = XPCService;
			productName = XPCService;
			productReference = CEA9CDC2239D633C00622687 /* XPCService.xpc */;
			productType = "com.apple.product-type.xpc-service";
		};
/* End PBXNativeTarget section */

/* Begin PBXProject section */
		CE7B4BF5239AEA3600E336FE /* Project object */ = {
			isa = PBXProject;
			attributes = {
				LastSwiftUpdateCheck = 1120;
				LastUpgradeCheck = 1120;
				ORGANIZATIONNAME = saisuicied;
				TargetAttributes = {
					CE7B4BFC239AEA3600E336FE = {
						CreatedOnToolsVersion = 11.2.1;
					};
					CEA9CDC1239D633C00622687 = {
						CreatedOnToolsVersion = 11.2.1;
					};
				};
			};
			buildConfigurationList = CE7B4BF8239AEA3600E336FE /* Build configuration list for PBXProject "TaskManager" */;
			compatibilityVersion = "Xcode 9.3";
			developmentRegion = en;
			hasScannedForEncodings = 0;
			knownRegions = (
				en,
				Base,
			);
			mainGroup = CE7B4BF4239AEA3600E336FE;
			productRefGroup = CE7B4BFE239AEA3600E336FE /* Products */;
			projectDirPath = "";
			projectRoot = "";
			targets = (
				CE7B4BFC239AEA3600E336FE /* TaskManager */,
				CEA9CDC1239D633C00622687 /* XPCService */,
			);
		};
/* End PBXProject section */

/* Begin PBXResourcesBuildPhase section */
		CE7B4BFB239AEA3600E336FE /* Resources */ = {
			isa = PBXResourcesBuildPhase;
			buildActionMask = 2147483647;
			files = (
				CE7B4C0B239AEA3F00E336FE /* Main.storyboard in Resources */,
				CEA9CDE3239ED48600622687 /* LineChartViewController.xib in Resources */,
				CE95888B239EE2E8009E15B5 /* ProcessesViewController.xib in Resources */,
				CE7B4C08239AEA3F00E336FE /* Preview Assets.xcassets in Resources */,
				CE7B4C05239AEA3F00E336FE /* Assets.xcassets in Resources */,
			);
			runOnlyForDeploymentPostprocessing = 0;
		};
		CEA9CDC0239D633C00622687 /* Resources */ = {
			isa = PBXResourcesBuildPhase;
			buildActionMask = 2147483647;
			files = (
			);
			runOnlyForDeploymentPostprocessing = 0;
		};
/* End PBXResourcesBuildPhase section */

/* Begin PBXShellScriptBuildPhase section */
		5235B679EE6D65C2D5A13579 /* [CP] Check Pods Manifest.lock */ = {
			isa = PBXShellScriptBuildPhase;
			buildActionMask = 2147483647;
			files = (
			);
			inputFileListPaths = (
			);
			inputPaths = (
				"${PODS_PODFILE_DIR_PATH}/Podfile.lock",
				"${PODS_ROOT}/Manifest.lock",
			);
			name = "[CP] Check Pods Manifest.lock";
			outputFileListPaths = (
			);
			outputPaths = (
				"$(DERIVED_FILE_DIR)/Pods-XPCService-checkManifestLockResult.txt",
			);
			runOnlyForDeploymentPostprocessing = 0;
			shellPath = /bin/sh;
			shellScript = "diff \"${PODS_PODFILE_DIR_PATH}/Podfile.lock\" \"${PODS_ROOT}/Manifest.lock\" > /dev/null\nif [ $? != 0 ] ; then\n    # print error to STDERR\n    echo \"error: The sandbox is not in sync with the Podfile.lock. Run 'pod install' or update your CocoaPods installation.\" >&2\n    exit 1\nfi\n# This output is used by Xcode 'outputs' to avoid re-running this script phase.\necho \"SUCCESS\" > \"${SCRIPT_OUTPUT_FILE_0}\"\n";
			showEnvVarsInLog = 0;
		};
		60BEB344D21DFBE4854A510C /* [CP] Check Pods Manifest.lock */ = {
			isa = PBXShellScriptBuildPhase;
			buildActionMask = 2147483647;
			files = (
			);
			inputFileListPaths = (
			);
			inputPaths = (
				"${PODS_PODFILE_DIR_PATH}/Podfile.lock",
				"${PODS_ROOT}/Manifest.lock",
			);
			name = "[CP] Check Pods Manifest.lock";
			outputFileListPaths = (
			);
			outputPaths = (
				"$(DERIVED_FILE_DIR)/Pods-TaskManager-checkManifestLockResult.txt",
			);
			runOnlyForDeploymentPostprocessing = 0;
			shellPath = /bin/sh;
			shellScript = "diff \"${PODS_PODFILE_DIR_PATH}/Podfile.lock\" \"${PODS_ROOT}/Manifest.lock\" > /dev/null\nif [ $? != 0 ] ; then\n    # print error to STDERR\n    echo \"error: The sandbox is not in sync with the Podfile.lock. Run 'pod install' or update your CocoaPods installation.\" >&2\n    exit 1\nfi\n# This output is used by Xcode 'outputs' to avoid re-running this script phase.\necho \"SUCCESS\" > \"${SCRIPT_OUTPUT_FILE_0}\"\n";
			showEnvVarsInLog = 0;
		};
		70356D8483B8D9925C56B919 /* [CP] Embed Pods Frameworks */ = {
			isa = PBXShellScriptBuildPhase;
			buildActionMask = 2147483647;
			files = (
			);
			inputFileListPaths = (
				"${PODS_ROOT}/Target Support Files/Pods-TaskManager/Pods-TaskManager-frameworks-${CONFIGURATION}-input-files.xcfilelist",
			);
			name = "[CP] Embed Pods Frameworks";
			outputFileListPaths = (
				"${PODS_ROOT}/Target Support Files/Pods-TaskManager/Pods-TaskManager-frameworks-${CONFIGURATION}-output-files.xcfilelist",
			);
			runOnlyForDeploymentPostprocessing = 0;
			shellPath = /bin/sh;
			shellScript = "\"${PODS_ROOT}/Target Support Files/Pods-TaskManager/Pods-TaskManager-frameworks.sh\"\n";
			showEnvVarsInLog = 0;
		};
/* End PBXShellScriptBuildPhase section */

/* Begin PBXSourcesBuildPhase section */
		CE7B4BF9239AEA3600E336FE /* Sources */ = {
			isa = PBXSourcesBuildPhase;
			buildActionMask = 2147483647;
			files = (
				CEA9CDD4239D767200622687 /* SystemInfo.swift in Sources */,
				CEA9CDE2239ED48600622687 /* LineChartViewController.swift in Sources */,
				CE95888A239EE2E8009E15B5 /* ProcessesViewController.swift in Sources */,
				CEA9CDD6239D769900622687 /* Process.swift in Sources */,
				CEA9CDD9239E739500622687 /* StringExtension.swift in Sources */,
				CEA9CDDB239E73B700622687 /* NSRegualarExpressionExtension.swift in Sources */,
				CE958887239ED9A0009E15B5 /* LineChartViewControllerWrapper.swift in Sources */,
				CE95888D239EE38E009E15B5 /* ProcessesViewControllerWrapper.swift in Sources */,
				CE207C8E239BFEAA003E4C04 /* Service.swift in Sources */,
				CE7B4C03239AEA3700E336FE /* ContentView.swift in Sources */,
				CE7B4C01239AEA3700E336FE /* AppDelegate.swift in Sources */,
			);
			runOnlyForDeploymentPostprocessing = 0;
		};
		CEA9CDBE239D633C00622687 /* Sources */ = {
			isa = PBXSourcesBuildPhase;
			buildActionMask = 2147483647;
			files = (
				CEA9CDD2239D669500622687 /* XPCServiceProtocol.swift in Sources */,
				CEA9CDD1239D669100622687 /* XPCService.swift in Sources */,
				CEA9CDC9239D633C00622687 /* main.swift in Sources */,
				CEA9CDC7239D633C00622687 /* XPCServiceDelegate.swift in Sources */,
			);
			runOnlyForDeploymentPostprocessing = 0;
		};
/* End PBXSourcesBuildPhase section */

/* Begin PBXTargetDependency section */
		CEA9CDCC239D633C00622687 /* PBXTargetDependency */ = {
			isa = PBXTargetDependency;
			target = CEA9CDC1239D633C00622687 /* XPCService */;
			targetProxy = CEA9CDCB239D633C00622687 /* PBXContainerItemProxy */;
		};
/* End PBXTargetDependency section */

/* Begin PBXVariantGroup section */
		CE7B4C09239AEA3F00E336FE /* Main.storyboard */ = {
			isa = PBXVariantGroup;
			children = (
				CE7B4C0A239AEA3F00E336FE /* Base */,
			);
			name = Main.storyboard;
			sourceTree = "<group>";
		};
/* End PBXVariantGroup section */

/* Begin XCBuildConfiguration section */
		CE7B4C0E239AEA3F00E336FE /* Debug */ = {
			isa = XCBuildConfiguration;
			buildSettings = {
				ALWAYS_SEARCH_USER_PATHS = NO;
				CLANG_ANALYZER_NONNULL = YES;
				CLANG_ANALYZER_NUMBER_OBJECT_CONVERSION = YES_AGGRESSIVE;
				CLANG_CXX_LANGUAGE_STANDARD = "gnu++14";
				CLANG_CXX_LIBRARY = "libc++";
				CLANG_ENABLE_MODULES = YES;
				CLANG_ENABLE_OBJC_ARC = YES;
				CLANG_ENABLE_OBJC_WEAK = YES;
				CLANG_WARN_BLOCK_CAPTURE_AUTORELEASING = YES;
				CLANG_WARN_BOOL_CONVERSION = YES;
				CLANG_WARN_COMMA = YES;
				CLANG_WARN_CONSTANT_CONVERSION = YES;
				CLANG_WARN_DEPRECATED_OBJC_IMPLEMENTATIONS = YES;
				CLANG_WARN_DIRECT_OBJC_ISA_USAGE = YES_ERROR;
				CLANG_WARN_DOCUMENTATION_COMMENTS = YES;
				CLANG_WARN_EMPTY_BODY = YES;
				CLANG_WARN_ENUM_CONVERSION = YES;
				CLANG_WARN_INFINITE_RECURSION = YES;
				CLANG_WARN_INT_CONVERSION = YES;
				CLANG_WARN_NON_LITERAL_NULL_CONVERSION = YES;
				CLANG_WARN_OBJC_IMPLICIT_RETAIN_SELF = YES;
				CLANG_WARN_OBJC_LITERAL_CONVERSION = YES;
				CLANG_WARN_OBJC_ROOT_CLASS = YES_ERROR;
				CLANG_WARN_RANGE_LOOP_ANALYSIS = YES;
				CLANG_WARN_STRICT_PROTOTYPES = YES;
				CLANG_WARN_SUSPICIOUS_MOVE = YES;
				CLANG_WARN_UNGUARDED_AVAILABILITY = YES_AGGRESSIVE;
				CLANG_WARN_UNREACHABLE_CODE = YES;
				CLANG_WARN__DUPLICATE_METHOD_MATCH = YES;
				COPY_PHASE_STRIP = NO;
				DEBUG_INFORMATION_FORMAT = dwarf;
				ENABLE_STRICT_OBJC_MSGSEND = YES;
				ENABLE_TESTABILITY = YES;
				GCC_C_LANGUAGE_STANDARD = gnu11;
				GCC_DYNAMIC_NO_PIC = NO;
				GCC_NO_COMMON_BLOCKS = YES;
				GCC_OPTIMIZATION_LEVEL = 0;
				GCC_PREPROCESSOR_DEFINITIONS = (
					"DEBUG=1",
					"$(inherited)",
				);
				GCC_WARN_64_TO_32_BIT_CONVERSION = YES;
				GCC_WARN_ABOUT_RETURN_TYPE = YES_ERROR;
				GCC_WARN_UNDECLARED_SELECTOR = YES;
				GCC_WARN_UNINITIALIZED_AUTOS = YES_AGGRESSIVE;
				GCC_WARN_UNUSED_FUNCTION = YES;
				GCC_WARN_UNUSED_VARIABLE = YES;
				MACOSX_DEPLOYMENT_TARGET = 10.15;
				MTL_ENABLE_DEBUG_INFO = INCLUDE_SOURCE;
				MTL_FAST_MATH = YES;
				ONLY_ACTIVE_ARCH = YES;
				SDKROOT = macosx;
				SWIFT_ACTIVE_COMPILATION_CONDITIONS = DEBUG;
				SWIFT_OPTIMIZATION_LEVEL = "-Onone";
			};
			name = Debug;
		};
		CE7B4C0F239AEA3F00E336FE /* Release */ = {
			isa = XCBuildConfiguration;
			buildSettings = {
				ALWAYS_SEARCH_USER_PATHS = NO;
				CLANG_ANALYZER_NONNULL = YES;
				CLANG_ANALYZER_NUMBER_OBJECT_CONVERSION = YES_AGGRESSIVE;
				CLANG_CXX_LANGUAGE_STANDARD = "gnu++14";
				CLANG_CXX_LIBRARY = "libc++";
				CLANG_ENABLE_MODULES = YES;
				CLANG_ENABLE_OBJC_ARC = YES;
				CLANG_ENABLE_OBJC_WEAK = YES;
				CLANG_WARN_BLOCK_CAPTURE_AUTORELEASING = YES;
				CLANG_WARN_BOOL_CONVERSION = YES;
				CLANG_WARN_COMMA = YES;
				CLANG_WARN_CONSTANT_CONVERSION = YES;
				CLANG_WARN_DEPRECATED_OBJC_IMPLEMENTATIONS = YES;
				CLANG_WARN_DIRECT_OBJC_ISA_USAGE = YES_ERROR;
				CLANG_WARN_DOCUMENTATION_COMMENTS = YES;
				CLANG_WARN_EMPTY_BODY = YES;
				CLANG_WARN_ENUM_CONVERSION = YES;
				CLANG_WARN_INFINITE_RECURSION = YES;
				CLANG_WARN_INT_CONVERSION = YES;
				CLANG_WARN_NON_LITERAL_NULL_CONVERSION = YES;
				CLANG_WARN_OBJC_IMPLICIT_RETAIN_SELF = YES;
				CLANG_WARN_OBJC_LITERAL_CONVERSION = YES;
				CLANG_WARN_OBJC_ROOT_CLASS = YES_ERROR;
				CLANG_WARN_RANGE_LOOP_ANALYSIS = YES;
				CLANG_WARN_STRICT_PROTOTYPES = YES;
				CLANG_WARN_SUSPICIOUS_MOVE = YES;
				CLANG_WARN_UNGUARDED_AVAILABILITY = YES_AGGRESSIVE;
				CLANG_WARN_UNREACHABLE_CODE = YES;
				CLANG_WARN__DUPLICATE_METHOD_MATCH = YES;
				COPY_PHASE_STRIP = NO;
				DEBUG_INFORMATION_FORMAT = "dwarf-with-dsym";
				ENABLE_NS_ASSERTIONS = NO;
				ENABLE_STRICT_OBJC_MSGSEND = YES;
				GCC_C_LANGUAGE_STANDARD = gnu11;
				GCC_NO_COMMON_BLOCKS = YES;
				GCC_WARN_64_TO_32_BIT_CONVERSION = YES;
				GCC_WARN_ABOUT_RETURN_TYPE = YES_ERROR;
				GCC_WARN_UNDECLARED_SELECTOR = YES;
				GCC_WARN_UNINITIALIZED_AUTOS = YES_AGGRESSIVE;
				GCC_WARN_UNUSED_FUNCTION = YES;
				GCC_WARN_UNUSED_VARIABLE = YES;
				MACOSX_DEPLOYMENT_TARGET = 10.15;
				MTL_ENABLE_DEBUG_INFO = NO;
				MTL_FAST_MATH = YES;
				SDKROOT = macosx;
				SWIFT_COMPILATION_MODE = wholemodule;
				SWIFT_OPTIMIZATION_LEVEL = "-O";
			};
			name = Release;
		};
		CE7B4C11239AEA3F00E336FE /* Debug */ = {
			isa = XCBuildConfiguration;
			baseConfigurationReference = D9E455EBFE6A4ED1CF645451 /* Pods-TaskManager.debug.xcconfig */;
			buildSettings = {
				ALWAYS_EMBED_SWIFT_STANDARD_LIBRARIES = YES;
				ASSETCATALOG_COMPILER_APPICON_NAME = AppIcon;
				CODE_SIGN_ENTITLEMENTS = TaskManager/TaskManager.entitlements;
				CODE_SIGN_STYLE = Automatic;
				COMBINE_HIDPI_IMAGES = YES;
				DEVELOPMENT_ASSET_PATHS = "\"TaskManager/Preview Content\"";
				DEVELOPMENT_TEAM = 5DDMN75KP9;
				ENABLE_HARDENED_RUNTIME = YES;
				ENABLE_PREVIEWS = YES;
				INFOPLIST_FILE = TaskManager/Info.plist;
				LD_RUNPATH_SEARCH_PATHS = (
					"$(inherited)",
					"@executable_path/../Frameworks",
				);
				MACOSX_DEPLOYMENT_TARGET = 10.15;
				PRODUCT_BUNDLE_IDENTIFIER = saisuicied.TaskManager;
				PRODUCT_NAME = "$(TARGET_NAME)";
				SWIFT_VERSION = 5.0;
			};
			name = Debug;
		};
		CE7B4C12239AEA3F00E336FE /* Release */ = {
			isa = XCBuildConfiguration;
			baseConfigurationReference = 282C7955691D2EA689869175 /* Pods-TaskManager.release.xcconfig */;
			buildSettings = {
				ALWAYS_EMBED_SWIFT_STANDARD_LIBRARIES = YES;
				ASSETCATALOG_COMPILER_APPICON_NAME = AppIcon;
				CODE_SIGN_ENTITLEMENTS = TaskManager/TaskManager.entitlements;
				CODE_SIGN_STYLE = Automatic;
				COMBINE_HIDPI_IMAGES = YES;
				DEVELOPMENT_ASSET_PATHS = "\"TaskManager/Preview Content\"";
				DEVELOPMENT_TEAM = 5DDMN75KP9;
				ENABLE_HARDENED_RUNTIME = YES;
				ENABLE_PREVIEWS = YES;
				INFOPLIST_FILE = TaskManager/Info.plist;
				LD_RUNPATH_SEARCH_PATHS = (
					"$(inherited)",
					"@executable_path/../Frameworks",
				);
				MACOSX_DEPLOYMENT_TARGET = 10.15;
				PRODUCT_BUNDLE_IDENTIFIER = saisuicied.TaskManager;
				PRODUCT_NAME = "$(TARGET_NAME)";
				SWIFT_VERSION = 5.0;
			};
			name = Release;
		};
		CEA9CDCF239D633C00622687 /* Debug */ = {
			isa = XCBuildConfiguration;
			baseConfigurationReference = 258F76DD8F6FC53AFC4C6BFF /* Pods-XPCService.debug.xcconfig */;
			buildSettings = {
				CODE_SIGN_STYLE = Automatic;
				COMBINE_HIDPI_IMAGES = YES;
				DEVELOPMENT_TEAM = 5DDMN75KP9;
				ENABLE_HARDENED_RUNTIME = YES;
				INFOPLIST_FILE = XPCService/Info.plist;
				PRODUCT_BUNDLE_IDENTIFIER = saisuicied.XPCService;
				PRODUCT_NAME = "$(TARGET_NAME)";
				SKIP_INSTALL = YES;
				SWIFT_VERSION = 5.0;
			};
			name = Debug;
		};
		CEA9CDD0239D633C00622687 /* Release */ = {
			isa = XCBuildConfiguration;
			baseConfigurationReference = FE7B84C9C6AD6436EE5CF0D2 /* Pods-XPCService.release.xcconfig */;
			buildSettings = {
				CODE_SIGN_STYLE = Automatic;
				COMBINE_HIDPI_IMAGES = YES;
				DEVELOPMENT_TEAM = 5DDMN75KP9;
				ENABLE_HARDENED_RUNTIME = YES;
				INFOPLIST_FILE = XPCService/Info.plist;
				PRODUCT_BUNDLE_IDENTIFIER = saisuicied.XPCService;
				PRODUCT_NAME = "$(TARGET_NAME)";
				SKIP_INSTALL = YES;
				SWIFT_VERSION = 5.0;
			};
			name = Release;
		};
/* End XCBuildConfiguration section */

/* Begin XCConfigurationList section */
		CE7B4BF8239AEA3600E336FE /* Build configuration list for PBXProject "TaskManager" */ = {
			isa = XCConfigurationList;
			buildConfigurations = (
				CE7B4C0E239AEA3F00E336FE /* Debug */,
				CE7B4C0F239AEA3F00E336FE /* Release */,
			);
			defaultConfigurationIsVisible = 0;
			defaultConfigurationName = Release;
		};
		CE7B4C10239AEA3F00E336FE /* Build configuration list for PBXNativeTarget "TaskManager" */ = {
			isa = XCConfigurationList;
			buildConfigurations = (
				CE7B4C11239AEA3F00E336FE /* Debug */,
				CE7B4C12239AEA3F00E336FE /* Release */,
			);
			defaultConfigurationIsVisible = 0;
			defaultConfigurationName = Release;
		};
		CEA9CDCE239D633C00622687 /* Build configuration list for PBXNativeTarget "XPCService" */ = {
			isa = XCConfigurationList;
			buildConfigurations = (
				CEA9CDCF239D633C00622687 /* Debug */,
				CEA9CDD0239D633C00622687 /* Release */,
			);
			defaultConfigurationIsVisible = 0;
			defaultConfigurationName = Release;
		};
/* End XCConfigurationList section */
	};
	rootObject = CE7B4BF5239AEA3600E336FE /* Project object */;
}
